
Microsoft Visual Studio Solution File, Format Version 12.00
# Visual Studio Version 16
VisualStudioVersion = 16.0.31729.503
MinimumVisualStudioVersion = 10.0.40219.1
Project("{FAE04EC0-301F-11D3-BF4B-00C04F79EFBC}") = "EmployeeWebApp", "EmployeeWebApp\EmployeeWebApp.csproj", "{F77EDC94-DD88-4E15-9612-30EE297E3458}"
EndProject
Global
	GlobalSection(SolutionConfigurationPlatforms) = preSolution
		Debug|Any CPU = Debug|Any CPU
		Release|Any CPU = Release|Any CPU
	EndGlobalSection
	GlobalSection(ProjectConfigurationPlatforms) = postSolution
		{F77EDC94-DD88-4E15-9612-30EE297E3458}.Debug|Any CPU.ActiveCfg = Debug|Any CPU
		{F77EDC94-DD88-4E15-9612-30EE297E3458}.Debug|Any CPU.Build.0 = Debug|Any CPU
		{F77EDC94-DD88-4E15-9612-30EE297E3458}.Release|Any CPU.ActiveCfg = Release|Any CPU
		{F77EDC94-DD88-4E15-9612-30EE297E3458}.Release|Any CPU.Build.0 = Release|Any CPU
	EndGlobalSection
	GlobalSection(SolutionProperties) = preSolution
		HideSolutionNode = FALSE
	EndGlobalSection
	GlobalSection(ExtensibilityGlobals) = postSolution
		SolutionGuid = {A186B1A1-52BA-4498-A61A-2515F8B8286A}
	EndGlobalSection
EndGlobal
